
Microsoft Visual Studio Solution File, Format Version 12.00
# Visual Studio Version 16
VisualStudioVersion = 16.0.31321.278
MinimumVisualStudioVersion = 10.0.40219.1
Project("{FAE04EC0-301F-11D3-BF4B-00C04F79EFBC}") = "Plutus", "Plutus\Plutus.csproj", "{EDE9A0D1-EBA3-45DF-9125-B47E325E9B0B}"
EndProject
Global
	GlobalSection(SolutionConfigurationPlatforms) = preSolution
		Debug|Any CPU = Debug|Any CPU
		Release|Any CPU = Release|Any CPU
	EndGlobalSection
	GlobalSection(ProjectConfigurationPlatforms) = postSolution
		{EDE9A0D1-EBA3-45DF-9125-B47E325E9B0B}.Debug|Any CPU.ActiveCfg = Debug|Any CPU
		{EDE9A0D1-EBA3-45DF-9125-B47E325E9B0B}.Debug|Any CPU.Build.0 = Debug|Any CPU
		{EDE9A0D1-EBA3-45DF-9125-B47E325E9B0B}.Release|Any CPU.ActiveCfg = Release|Any CPU
		{EDE9A0D1-EBA3-45DF-9125-B47E325E9B0B}.Release|Any CPU.Build.0 = Release|Any CPU
	EndGlobalSection
	GlobalSection(SolutionProperties) = preSolution
		HideSolutionNode = FALSE
	EndGlobalSection
	GlobalSection(ExtensibilityGlobals) = postSolution
		SolutionGuid = {EFF40CAD-A680-409C-8831-8E24DFDC2647}
	EndGlobalSection
EndGlobal
